{
  "name": "ziptrak-opening-detector",
  "version": "1.0.5",
  "lockfileVersion": 3,
  "requires": true,
  "packages": {
    "": {
      "name": "ziptrak-opening-detector",
      "version": "1.0.5",
      "license": "Proprietary License",
      "dependencies": {
        "@techstark/opencv-js": "^4.10.0-release.1"
      }
    },
    "node_modules/@techstark/opencv-js": {
      "version": "4.10.0-release.1",
      "resolved": "https://registry.npmjs.org/@techstark/opencv-js/-/opencv-js-4.10.0-release.1.tgz",
      "integrity": "sha512-S4XELidRiQeA0q1s9VQLo540wCxUo24r1O4C+LqZ6llX+sPCXvZCPv3Ice8dEIr0uavyZ8YZeKXSBdDgMXSXjw=="
    }
  }
}
